
Microsoft Visual Studio Solution File, Format Version 12.00
# Visual Studio Version 16
VisualStudioVersion = 16.0.31624.102
MinimumVisualStudioVersion = 10.0.40219.1
Project("{FAE04EC0-301F-11D3-BF4B-00C04F79EFBC}") = "Assignment2", "Assignment2\Assignment2.csproj", "{8AC360A6-6BFA-4772-B28F-7C1F70B2963A}"
EndProject
Project("{FAE04EC0-301F-11D3-BF4B-00C04F79EFBC}") = "Assignment2Test", "Assignment2Test\Assignment2Test.csproj", "{167CDB12-0984-4721-A5C1-098C17C4E655}"
EndProject
Global
	GlobalSection(SolutionConfigurationPlatforms) = preSolution
		Debug|Any CPU = Debug|Any CPU
		Release|Any CPU = Release|Any CPU
	EndGlobalSection
	GlobalSection(ProjectConfigurationPlatforms) = postSolution
		{8AC360A6-6BFA-4772-B28F-7C1F70B2963A}.Debug|Any CPU.ActiveCfg = Debug|Any CPU
		{8AC360A6-6BFA-4772-B28F-7C1F70B2963A}.Debug|Any CPU.Build.0 = Debug|Any CPU
		{8AC360A6-6BFA-4772-B28F-7C1F70B2963A}.Release|Any CPU.ActiveCfg = Release|Any CPU
		{8AC360A6-6BFA-4772-B28F-7C1F70B2963A}.Release|Any CPU.Build.0 = Release|Any CPU
		{167CDB12-0984-4721-A5C1-098C17C4E655}.Debug|Any CPU.ActiveCfg = Debug|Any CPU
		{167CDB12-0984-4721-A5C1-098C17C4E655}.Debug|Any CPU.Build.0 = Debug|Any CPU
		{167CDB12-0984-4721-A5C1-098C17C4E655}.Release|Any CPU.ActiveCfg = Release|Any CPU
		{167CDB12-0984-4721-A5C1-098C17C4E655}.Release|Any CPU.Build.0 = Release|Any CPU
	EndGlobalSection
	GlobalSection(SolutionProperties) = preSolution
		HideSolutionNode = FALSE
	EndGlobalSection
	GlobalSection(ExtensibilityGlobals) = postSolution
		SolutionGuid = {3E114F82-2855-4A35-94F4-1A4901E46F07}
	EndGlobalSection
EndGlobal
